// !$*UTF8*$!
{
	archiveVersion = 1;
	classes = {
	};
	objectVersion = 55;
	objects = {

/* Begin PBXBuildFile section */
		31057C1328D4589000943B0F /* CircleImage.swift in Sources */ = {isa = PBXBuildFile; fileRef = 31057C1228D4589000943B0F /* CircleImage.swift */; };
		31057C1528D45B7700943B0F /* MapView.swift in Sources */ = {isa = PBXBuildFile; fileRef = 31057C1428D45B7700943B0F /* MapView.swift */; };
		31057C1728D4632400943B0F /* landmarkData.json in Resources */ = {isa = PBXBuildFile; fileRef = 31057C1628D4632400943B0F /* landmarkData.json */; };
		31057C1928D4634200943B0F /* Landmark.swift in Sources */ = {isa = PBXBuildFile; fileRef = 31057C1828D4634200943B0F /* Landmark.swift */; };
		31057C1B28D4694400943B0F /* ModelData.swift in Sources */ = {isa = PBXBuildFile; fileRef = 31057C1A28D4694400943B0F /* ModelData.swift */; };
		31057C2028D46BB400943B0F /* LandmarkRow.swift in Sources */ = {isa = PBXBuildFile; fileRef = 31057C1F28D46BB400943B0F /* LandmarkRow.swift */; };
		31057C2228D4713E00943B0F /* LandmarkList.swift in Sources */ = {isa = PBXBuildFile; fileRef = 31057C2128D4713E00943B0F /* LandmarkList.swift */; };
		31057C2428D473B500943B0F /* LandmarkDetail.swift in Sources */ = {isa = PBXBuildFile; fileRef = 31057C2328D473B500943B0F /* LandmarkDetail.swift */; };
		31DCC07728FCF8EE00776898 /* BadgeBackground.swift in Sources */ = {isa = PBXBuildFile; fileRef = 31DCC07628FCF8EE00776898 /* BadgeBackground.swift */; };
		31DCC07928FD024C00776898 /* BadgeSymbol.swift in Sources */ = {isa = PBXBuildFile; fileRef = 31DCC07828FD024C00776898 /* BadgeSymbol.swift */; };
		31DCC07B28FD080100776898 /* RotatedBadgeSymbol.swift in Sources */ = {isa = PBXBuildFile; fileRef = 31DCC07A28FD080100776898 /* RotatedBadgeSymbol.swift */; };
		31DCC07D28FD08D400776898 /* Badge.swift in Sources */ = {isa = PBXBuildFile; fileRef = 31DCC07C28FD08D400776898 /* Badge.swift */; };
		31DCC08028FD2B8000776898 /* hikeData.json in Resources */ = {isa = PBXBuildFile; fileRef = 31DCC07F28FD2B7F00776898 /* hikeData.json */; };
		31DCC08228FD2C0A00776898 /* Hike.swift in Sources */ = {isa = PBXBuildFile; fileRef = 31DCC08128FD2C0A00776898 /* Hike.swift */; };
		31DCC08828FD2FCB00776898 /* GraphCapsule.swift in Sources */ = {isa = PBXBuildFile; fileRef = 31DCC08428FD2FCA00776898 /* GraphCapsule.swift */; };
		31DCC08928FD2FCB00776898 /* HikeGraph.swift in Sources */ = {isa = PBXBuildFile; fileRef = 31DCC08528FD2FCA00776898 /* HikeGraph.swift */; };
		31DCC08A28FD2FCB00776898 /* HikeDetail.swift in Sources */ = {isa = PBXBuildFile; fileRef = 31DCC08628FD2FCA00776898 /* HikeDetail.swift */; };
		31DCC08B28FD2FCB00776898 /* HikeView.swift in Sources */ = {isa = PBXBuildFile; fileRef = 31DCC08728FD2FCA00776898 /* HikeView.swift */; };
		31FE7D5028D4281700AB382B /* LandmarksApp.swift in Sources */ = {isa = PBXBuildFile; fileRef = 31FE7D4F28D4281700AB382B /* LandmarksApp.swift */; };
		31FE7D5228D4281700AB382B /* ContentView.swift in Sources */ = {isa = PBXBuildFile; fileRef = 31FE7D5128D4281700AB382B /* ContentView.swift */; };
		31FE7D5428D4281A00AB382B /* Assets.xcassets in Resources */ = {isa = PBXBuildFile; fileRef = 31FE7D5328D4281A00AB382B /* Assets.xcassets */; };
		31FE7D5728D4281A00AB382B /* Preview Assets.xcassets in Resources */ = {isa = PBXBuildFile; fileRef = 31FE7D5628D4281A00AB382B /* Preview Assets.xcassets */; };
		D02F565828FC55AA00A21B9D /* HexagonParameters.swift in Sources */ = {isa = PBXBuildFile; fileRef = D02F565728FC55AA00A21B9D /* HexagonParameters.swift */; };
		D0B036FB28FC419D00F88A71 /* FavoriteButton.swift in Sources */ = {isa = PBXBuildFile; fileRef = D0B036FA28FC419D00F88A71 /* FavoriteButton.swift */; };
/* End PBXBuildFile section */

/* Begin PBXFileReference section */
		31057C1228D4589000943B0F /* CircleImage.swift */ = {isa = PBXFileReference; lastKnownFileType = sourcecode.swift; path = CircleImage.swift; sourceTree = "<group>"; };
		31057C1428D45B7700943B0F /* MapView.swift */ = {isa = PBXFileReference; lastKnownFileType = sourcecode.swift; path = MapView.swift; sourceTree = "<group>"; };
		31057C1628D4632400943B0F /* landmarkData.json */ = {isa = PBXFileReference; fileEncoding = 4; lastKnownFileType = text.json; path = landmarkData.json; sourceTree = "<group>"; };
		31057C1828D4634200943B0F /* Landmark.swift */ = {isa = PBXFileReference; lastKnownFileType = sourcecode.swift; path = Landmark.swift; sourceTree = "<group>"; };
		31057C1A28D4694400943B0F /* ModelData.swift */ = {isa = PBXFileReference; lastKnownFileType = sourcecode.swift; path = ModelData.swift; sourceTree = "<group>"; };
		31057C1F28D46BB400943B0F /* LandmarkRow.swift */ = {isa = PBXFileReference; lastKnownFileType = sourcecode.swift; name = LandmarkRow.swift; path = Landmarks/Views/Landmarks/LandmarkRow.swift; sourceTree = SOURCE_ROOT; };
		31057C2128D4713E00943B0F /* LandmarkList.swift */ = {isa = PBXFileReference; lastKnownFileType = sourcecode.swift; path = LandmarkList.swift; sourceTree = "<group>"; };
		31057C2328D473B500943B0F /* LandmarkDetail.swift */ = {isa = PBXFileReference; lastKnownFileType = sourcecode.swift; path = LandmarkDetail.swift; sourceTree = "<group>"; };
		31DCC07628FCF8EE00776898 /* BadgeBackground.swift */ = {isa = PBXFileReference; lastKnownFileType = sourcecode.swift; path = BadgeBackground.swift; sourceTree = "<group>"; };
		31DCC07828FD024C00776898 /* BadgeSymbol.swift */ = {isa = PBXFileReference; lastKnownFileType = sourcecode.swift; path = BadgeSymbol.swift; sourceTree = "<group>"; };
		31DCC07A28FD080100776898 /* RotatedBadgeSymbol.swift */ = {isa = PBXFileReference; lastKnownFileType = sourcecode.swift; path = RotatedBadgeSymbol.swift; sourceTree = "<group>"; };
		31DCC07C28FD08D400776898 /* Badge.swift */ = {isa = PBXFileReference; lastKnownFileType = sourcecode.swift; path = Badge.swift; sourceTree = "<group>"; };
		31DCC07F28FD2B7F00776898 /* hikeData.json */ = {isa = PBXFileReference; fileEncoding = 4; lastKnownFileType = text.json; path = hikeData.json; sourceTree = "<group>"; };
		31DCC08128FD2C0A00776898 /* Hike.swift */ = {isa = PBXFileReference; lastKnownFileType = sourcecode.swift; path = Hike.swift; sourceTree = "<group>"; };
		31DCC08428FD2FCA00776898 /* GraphCapsule.swift */ = {isa = PBXFileReference; fileEncoding = 4; lastKnownFileType = sourcecode.swift; path = GraphCapsule.swift; sourceTree = "<group>"; };
		31DCC08528FD2FCA00776898 /* HikeGraph.swift */ = {isa = PBXFileReference; fileEncoding = 4; lastKnownFileType = sourcecode.swift; path = HikeGraph.swift; sourceTree = "<group>"; };
		31DCC08628FD2FCA00776898 /* HikeDetail.swift */ = {isa = PBXFileReference; fileEncoding = 4; lastKnownFileType = sourcecode.swift; path = HikeDetail.swift; sourceTree = "<group>"; };
		31DCC08728FD2FCA00776898 /* HikeView.swift */ = {isa = PBXFileReference; fileEncoding = 4; lastKnownFileType = sourcecode.swift; path = HikeView.swift; sourceTree = "<group>"; };
		31FE7D4C28D4281700AB382B /* Landmarks.app */ = {isa = PBXFileReference; explicitFileType = wrapper.application; includeInIndex = 0; path = Landmarks.app; sourceTree = BUILT_PRODUCTS_DIR; };
		31FE7D4F28D4281700AB382B /* LandmarksApp.swift */ = {isa = PBXFileReference; lastKnownFileType = sourcecode.swift; path = LandmarksApp.swift; sourceTree = "<group>"; };
		31FE7D5128D4281700AB382B /* ContentView.swift */ = {isa = PBXFileReference; lastKnownFileType = sourcecode.swift; path = ContentView.swift; sourceTree = "<group>"; };
		31FE7D5328D4281A00AB382B /* Assets.xcassets */ = {isa = PBXFileReference; lastKnownFileType = folder.assetcatalog; path = Assets.xcassets; sourceTree = "<group>"; };
		31FE7D5628D4281A00AB382B /* Preview Assets.xcassets */ = {isa = PBXFileReference; lastKnownFileType = folder.assetcatalog; path = "Preview Assets.xcassets"; sourceTree = "<group>"; };
		D02F565728FC55AA00A21B9D /* HexagonParameters.swift */ = {isa = PBXFileReference; lastKnownFileType = sourcecode.swift; path = HexagonParameters.swift; sourceTree = "<group>"; };
		D0B036FA28FC419D00F88A71 /* FavoriteButton.swift */ = {isa = PBXFileReference; lastKnownFileType = sourcecode.swift; path = FavoriteButton.swift; sourceTree = "<group>"; };
/* End PBXFileReference section */

/* Begin PBXFrameworksBuildPhase section */
		31FE7D4928D4281700AB382B /* Frameworks */ = {
			isa = PBXFrameworksBuildPhase;
			buildActionMask = 2147483647;
			files = (
			);
			runOnlyForDeploymentPostprocessing = 0;
		};
/* End PBXFrameworksBuildPhase section */

/* Begin PBXGroup section */
		31057C1C28D46B0100943B0F /* Views */ = {
			isa = PBXGroup;
			children = (
				31FE7D5128D4281700AB382B /* ContentView.swift */,
				31DCC08328FD2FCA00776898 /* Hikes */,
				31DCC07E28FD0B1400776898 /* Badges */,
				D0B036FD28FC469200F88A71 /* Helpers */,
				D0B036FC28FC465B00F88A71 /* Landmarks */,
			);
			path = Views;
			sourceTree = "<group>";
		};
		31057C1D28D46B2500943B0F /* Model */ = {
			isa = PBXGroup;
			children = (
				31057C1828D4634200943B0F /* Landmark.swift */,
				31DCC08128FD2C0A00776898 /* Hike.swift */,
				31057C1A28D4694400943B0F /* ModelData.swift */,
			);
			path = Model;
			sourceTree = "<group>";
		};
		31057C1E28D46B3C00943B0F /* Resources */ = {
			isa = PBXGroup;
			children = (
				31DCC07F28FD2B7F00776898 /* hikeData.json */,
				31057C1628D4632400943B0F /* landmarkData.json */,
			);
			path = Resources;
			sourceTree = "<group>";
		};
		31DCC07E28FD0B1400776898 /* Badges */ = {
			isa = PBXGroup;
			children = (
				31DCC07C28FD08D400776898 /* Badge.swift */,
				31DCC07628FCF8EE00776898 /* BadgeBackground.swift */,
				31DCC07828FD024C00776898 /* BadgeSymbol.swift */,
				31DCC07A28FD080100776898 /* RotatedBadgeSymbol.swift */,
				D02F565728FC55AA00A21B9D /* HexagonParameters.swift */,
			);
			path = Badges;
			sourceTree = "<group>";
		};
		31DCC08328FD2FCA00776898 /* Hikes */ = {
			isa = PBXGroup;
			children = (
				31DCC08428FD2FCA00776898 /* GraphCapsule.swift */,
				31DCC08528FD2FCA00776898 /* HikeGraph.swift */,
				31DCC08628FD2FCA00776898 /* HikeDetail.swift */,
				31DCC08728FD2FCA00776898 /* HikeView.swift */,
			);
			path = Hikes;
			sourceTree = "<group>";
		};
		31FE7D4328D4281700AB382B = {
			isa = PBXGroup;
			children = (
				31FE7D4E28D4281700AB382B /* Landmarks */,
				31FE7D4D28D4281700AB382B /* Products */,
			);
			sourceTree = "<group>";
		};
		31FE7D4D28D4281700AB382B /* Products */ = {
			isa = PBXGroup;
			children = (
				31FE7D4C28D4281700AB382B /* Landmarks.app */,
			);
			name = Products;
			sourceTree = "<group>";
		};
		31FE7D4E28D4281700AB382B /* Landmarks */ = {
			isa = PBXGroup;
			children = (
				31FE7D4F28D4281700AB382B /* LandmarksApp.swift */,
				31057C1E28D46B3C00943B0F /* Resources */,
				31057C1D28D46B2500943B0F /* Model */,
				31057C1C28D46B0100943B0F /* Views */,
				31FE7D5328D4281A00AB382B /* Assets.xcassets */,
				31FE7D5528D4281A00AB382B /* Preview Content */,
			);
			path = Landmarks;
			sourceTree = "<group>";
		};
		31FE7D5528D4281A00AB382B /* Preview Content */ = {
			isa = PBXGroup;
			children = (
				31FE7D5628D4281A00AB382B /* Preview Assets.xcassets */,
			);
			path = "Preview Content";
			sourceTree = "<group>";
		};
		D0B036FC28FC465B00F88A71 /* Landmarks */ = {
			isa = PBXGroup;
			children = (
				31057C1F28D46BB400943B0F /* LandmarkRow.swift */,
				31057C2128D4713E00943B0F /* LandmarkList.swift */,
				31057C2328D473B500943B0F /* LandmarkDetail.swift */,
			);
			path = Landmarks;
			sourceTree = "<group>";
		};
		D0B036FD28FC469200F88A71 /* Helpers */ = {
			isa = PBXGroup;
			children = (
				31057C1228D4589000943B0F /* CircleImage.swift */,
				31057C1428D45B7700943B0F /* MapView.swift */,
				D0B036FA28FC419D00F88A71 /* FavoriteButton.swift */,
			);
			path = Helpers;
			sourceTree = "<group>";
		};
/* End PBXGroup section */

/* Begin PBXNativeTarget section */
		31FE7D4B28D4281700AB382B /* Landmarks */ = {
			isa = PBXNativeTarget;
			buildConfigurationList = 31FE7D5A28D4281A00AB382B /* Build configuration list for PBXNativeTarget "Landmarks" */;
			buildPhases = (
				31FE7D4828D4281700AB382B /* Sources */,
				31FE7D4928D4281700AB382B /* Frameworks */,
				31FE7D4A28D4281700AB382B /* Resources */,
			);
			buildRules = (
			);
			dependencies = (
			);
			name = Landmarks;
			productName = Landmarks;
			productReference = 31FE7D4C28D4281700AB382B /* Landmarks.app */;
			productType = "com.apple.product-type.application";
		};
/* End PBXNativeTarget section */

/* Begin PBXProject section */
		31FE7D4428D4281700AB382B /* Project object */ = {
			isa = PBXProject;
			attributes = {
				BuildIndependentTargetsInParallel = 1;
				LastSwiftUpdateCheck = 1340;
				LastUpgradeCheck = 1340;
				TargetAttributes = {
					31FE7D4B28D4281700AB382B = {
						CreatedOnToolsVersion = 13.4.1;
					};
				};
			};
			buildConfigurationList = 31FE7D4728D4281700AB382B /* Build configuration list for PBXProject "Landmarks" */;
			compatibilityVersion = "Xcode 13.0";
			developmentRegion = en;
			hasScannedForEncodings = 0;
			knownRegions = (
				en,
				Base,
			);
			mainGroup = 31FE7D4328D4281700AB382B;
			productRefGroup = 31FE7D4D28D4281700AB382B /* Products */;
			projectDirPath = "";
			projectRoot = "";
			targets = (
				31FE7D4B28D4281700AB382B /* Landmarks */,
			);
		};
/* End PBXProject section */

/* Begin PBXResourcesBuildPhase section */
		31FE7D4A28D4281700AB382B /* Resources */ = {
			isa = PBXResourcesBuildPhase;
			buildActionMask = 2147483647;
			files = (
				31DCC08028FD2B8000776898 /* hikeData.json in Resources */,
				31FE7D5728D4281A00AB382B /* Preview Assets.xcassets in Resources */,
				31FE7D5428D4281A00AB382B /* Assets.xcassets in Resources */,
				31057C1728D4632400943B0F /* landmarkData.json in Resources */,
			);
			runOnlyForDeploymentPostprocessing = 0;
		};
/* End PBXResourcesBuildPhase section */

/* Begin PBXSourcesBuildPhase section */
		31FE7D4828D4281700AB382B /* Sources */ = {
			isa = PBXSourcesBuildPhase;
			buildActionMask = 2147483647;
			files = (
				31FE7D5228D4281700AB382B /* ContentView.swift in Sources */,
				31DCC08928FD2FCB00776898 /* HikeGraph.swift in Sources */,
				31DCC07D28FD08D400776898 /* Badge.swift in Sources */,
				31057C1528D45B7700943B0F /* MapView.swift in Sources */,
				31DCC08828FD2FCB00776898 /* GraphCapsule.swift in Sources */,
				31FE7D5028D4281700AB382B /* LandmarksApp.swift in Sources */,
				D0B036FB28FC419D00F88A71 /* FavoriteButton.swift in Sources */,
				31DCC08A28FD2FCB00776898 /* HikeDetail.swift in Sources */,
				D02F565828FC55AA00A21B9D /* HexagonParameters.swift in Sources */,
				31DCC08228FD2C0A00776898 /* Hike.swift in Sources */,
				31DCC07B28FD080100776898 /* RotatedBadgeSymbol.swift in Sources */,
				31DCC07928FD024C00776898 /* BadgeSymbol.swift in Sources */,
				31057C2228D4713E00943B0F /* LandmarkList.swift in Sources */,
				31DCC08B28FD2FCB00776898 /* HikeView.swift in Sources */,
				31057C2428D473B500943B0F /* LandmarkDetail.swift in Sources */,
				31DCC07728FCF8EE00776898 /* BadgeBackground.swift in Sources */,
				31057C1328D4589000943B0F /* CircleImage.swift in Sources */,
				31057C1928D4634200943B0F /* Landmark.swift in Sources */,
				31057C2028D46BB400943B0F /* LandmarkRow.swift in Sources */,
				31057C1B28D4694400943B0F /* ModelData.swift in Sources */,
			);
			runOnlyForDeploymentPostprocessing = 0;
		};
/* End PBXSourcesBuildPhase section */

/* Begin XCBuildConfiguration section */
		31FE7D5828D4281A00AB382B /* Debug */ = {
			isa = XCBuildConfiguration;
			buildSettings = {
				ALWAYS_SEARCH_USER_PATHS = NO;
				CLANG_ANALYZER_NONNULL = YES;
				CLANG_ANALYZER_NUMBER_OBJECT_CONVERSION = YES_AGGRESSIVE;
				CLANG_CXX_LANGUAGE_STANDARD = "gnu++17";
				CLANG_ENABLE_MODULES = YES;
				CLANG_ENABLE_OBJC_ARC = YES;
				CLANG_ENABLE_OBJC_WEAK = YES;
				CLANG_WARN_BLOCK_CAPTURE_AUTORELEASING = YES;
				CLANG_WARN_BOOL_CONVERSION = YES;
				CLANG_WARN_COMMA = YES;
				CLANG_WARN_CONSTANT_CONVERSION = YES;
				CLANG_WARN_DEPRECATED_OBJC_IMPLEMENTATIONS = YES;
				CLANG_WARN_DIRECT_OBJC_ISA_USAGE = YES_ERROR;
				CLANG_WARN_DOCUMENTATION_COMMENTS = YES;
				CLANG_WARN_EMPTY_BODY = YES;
				CLANG_WARN_ENUM_CONVERSION = YES;
				CLANG_WARN_INFINITE_RECURSION = YES;
				CLANG_WARN_INT_CONVERSION = YES;
				CLANG_WARN_NON_LITERAL_NULL_CONVERSION = YES;
				CLANG_WARN_OBJC_IMPLICIT_RETAIN_SELF = YES;
				CLANG_WARN_OBJC_LITERAL_CONVERSION = YES;
				CLANG_WARN_OBJC_ROOT_CLASS = YES_ERROR;
				CLANG_WARN_QUOTED_INCLUDE_IN_FRAMEWORK_HEADER = YES;
				CLANG_WARN_RANGE_LOOP_ANALYSIS = YES;
				CLANG_WARN_STRICT_PROTOTYPES = YES;
				CLANG_WARN_SUSPICIOUS_MOVE = YES;
				CLANG_WARN_UNGUARDED_AVAILABILITY = YES_AGGRESSIVE;
				CLANG_WARN_UNREACHABLE_CODE = YES;
				CLANG_WARN__DUPLICATE_METHOD_MATCH = YES;
				COPY_PHASE_STRIP = NO;
				DEBUG_INFORMATION_FORMAT = dwarf;
				ENABLE_STRICT_OBJC_MSGSEND = YES;
				ENABLE_TESTABILITY = YES;
				GCC_C_LANGUAGE_STANDARD = gnu11;
				GCC_DYNAMIC_NO_PIC = NO;
				GCC_NO_COMMON_BLOCKS = YES;
				GCC_OPTIMIZATION_LEVEL = 0;
				GCC_PREPROCESSOR_DEFINITIONS = (
					"DEBUG=1",
					"$(inherited)",
				);
				GCC_WARN_64_TO_32_BIT_CONVERSION = YES;
				GCC_WARN_ABOUT_RETURN_TYPE = YES_ERROR;
				GCC_WARN_UNDECLARED_SELECTOR = YES;
				GCC_WARN_UNINITIALIZED_AUTOS = YES_AGGRESSIVE;
				GCC_WARN_UNUSED_FUNCTION = YES;
				GCC_WARN_UNUSED_VARIABLE = YES;
				IPHONEOS_DEPLOYMENT_TARGET = 15.5;
				MTL_ENABLE_DEBUG_INFO = INCLUDE_SOURCE;
				MTL_FAST_MATH = YES;
				ONLY_ACTIVE_ARCH = YES;
				SDKROOT = iphoneos;
				SWIFT_ACTIVE_COMPILATION_CONDITIONS = DEBUG;
				SWIFT_OPTIMIZATION_LEVEL = "-Onone";
			};
			name = Debug;
		};
		31FE7D5928D4281A00AB382B /* Release */ = {
			isa = XCBuildConfiguration;
			buildSettings = {
				ALWAYS_SEARCH_USER_PATHS = NO;
				CLANG_ANALYZER_NONNULL = YES;
				CLANG_ANALYZER_NUMBER_OBJECT_CONVERSION = YES_AGGRESSIVE;
				CLANG_CXX_LANGUAGE_STANDARD = "gnu++17";
				CLANG_ENABLE_MODULES = YES;
				CLANG_ENABLE_OBJC_ARC = YES;
				CLANG_ENABLE_OBJC_WEAK = YES;
				CLANG_WARN_BLOCK_CAPTURE_AUTORELEASING = YES;
				CLANG_WARN_BOOL_CONVERSION = YES;
				CLANG_WARN_COMMA = YES;
				CLANG_WARN_CONSTANT_CONVERSION = YES;
				CLANG_WARN_DEPRECATED_OBJC_IMPLEMENTATIONS = YES;
				CLANG_WARN_DIRECT_OBJC_ISA_USAGE = YES_ERROR;
				CLANG_WARN_DOCUMENTATION_COMMENTS = YES;
				CLANG_WARN_EMPTY_BODY = YES;
				CLANG_WARN_ENUM_CONVERSION = YES;
				CLANG_WARN_INFINITE_RECURSION = YES;
				CLANG_WARN_INT_CONVERSION = YES;
				CLANG_WARN_NON_LITERAL_NULL_CONVERSION = YES;
				CLANG_WARN_OBJC_IMPLICIT_RETAIN_SELF = YES;
				CLANG_WARN_OBJC_LITERAL_CONVERSION = YES;
				CLANG_WARN_OBJC_ROOT_CLASS = YES_ERROR;
				CLANG_WARN_QUOTED_INCLUDE_IN_FRAMEWORK_HEADER = YES;
				CLANG_WARN_RANGE_LOOP_ANALYSIS = YES;
				CLANG_WARN_STRICT_PROTOTYPES = YES;
				CLANG_WARN_SUSPICIOUS_MOVE = YES;
				CLANG_WARN_UNGUARDED_AVAILABILITY = YES_AGGRESSIVE;
				CLANG_WARN_UNREACHABLE_CODE = YES;
				CLANG_WARN__DUPLICATE_METHOD_MATCH = YES;
				COPY_PHASE_STRIP = NO;
				DEBUG_INFORMATION_FORMAT = "dwarf-with-dsym";
				ENABLE_NS_ASSERTIONS = NO;
				ENABLE_STRICT_OBJC_MSGSEND = YES;
				GCC_C_LANGUAGE_STANDARD = gnu11;
				GCC_NO_COMMON_BLOCKS = YES;
				GCC_WARN_64_TO_32_BIT_CONVERSION = YES;
				GCC_WARN_ABOUT_RETURN_TYPE = YES_ERROR;
				GCC_WARN_UNDECLARED_SELECTOR = YES;
				GCC_WARN_UNINITIALIZED_AUTOS = YES_AGGRESSIVE;
				GCC_WARN_UNUSED_FUNCTION = YES;
				GCC_WARN_UNUSED_VARIABLE = YES;
				IPHONEOS_DEPLOYMENT_TARGET = 15.5;
				MTL_ENABLE_DEBUG_INFO = NO;
				MTL_FAST_MATH = YES;
				SDKROOT = iphoneos;
				SWIFT_COMPILATION_MODE = wholemodule;
				SWIFT_OPTIMIZATION_LEVEL = "-O";
				VALIDATE_PRODUCT = YES;
			};
			name = Release;
		};
		31FE7D5B28D4281A00AB382B /* Debug */ = {
			isa = XCBuildConfiguration;
			buildSettings = {
				ASSETCATALOG_COMPILER_APPICON_NAME = AppIcon;
				ASSETCATALOG_COMPILER_GLOBAL_ACCENT_COLOR_NAME = AccentColor;
				CODE_SIGN_STYLE = Automatic;
				CURRENT_PROJECT_VERSION = 1;
				DEVELOPMENT_ASSET_PATHS = "\"Landmarks/Preview Content\"";
				ENABLE_PREVIEWS = YES;
				GENERATE_INFOPLIST_FILE = YES;
				INFOPLIST_KEY_UIApplicationSceneManifest_Generation = YES;
				INFOPLIST_KEY_UIApplicationSupportsIndirectInputEvents = YES;
				INFOPLIST_KEY_UILaunchScreen_Generation = YES;
				INFOPLIST_KEY_UISupportedInterfaceOrientations_iPad = "UIInterfaceOrientationPortrait UIInterfaceOrientationPortraitUpsideDown UIInterfaceOrientationLandscapeLeft UIInterfaceOrientationLandscapeRight";
				INFOPLIST_KEY_UISupportedInterfaceOrientations_iPhone = "UIInterfaceOrientationPortrait UIInterfaceOrientationLandscapeLeft UIInterfaceOrientationLandscapeRight";
				LD_RUNPATH_SEARCH_PATHS = (
					"$(inherited)",
					"@executable_path/Frameworks",
				);
				MARKETING_VERSION = 1.0;
				PRODUCT_BUNDLE_IDENTIFIER = generic.Landmarks;
				PRODUCT_NAME = "$(TARGET_NAME)";
				SWIFT_EMIT_LOC_STRINGS = YES;
				SWIFT_VERSION = 5.0;
				TARGETED_DEVICE_FAMILY = "1,2";
			};
			name = Debug;
		};
		31FE7D5C28D4281A00AB382B /* Release */ = {
			isa = XCBuildConfiguration;
			buildSettings = {
				ASSETCATALOG_COMPILER_APPICON_NAME = AppIcon;
				ASSETCATALOG_COMPILER_GLOBAL_ACCENT_COLOR_NAME = AccentColor;
				CODE_SIGN_STYLE = Automatic;
				CURRENT_PROJECT_VERSION = 1;
				DEVELOPMENT_ASSET_PATHS = "\"Landmarks/Preview Content\"";
				ENABLE_PREVIEWS = YES;
				GENERATE_INFOPLIST_FILE = YES;
				INFOPLIST_KEY_UIApplicationSceneManifest_Generation = YES;
				INFOPLIST_KEY_UIApplicationSupportsIndirectInputEvents = YES;
				INFOPLIST_KEY_UILaunchScreen_Generation = YES;
				INFOPLIST_KEY_UISupportedInterfaceOrientations_iPad = "UIInterfaceOrientationPortrait UIInterfaceOrientationPortraitUpsideDown UIInterfaceOrientationLandscapeLeft UIInterfaceOrientationLandscapeRight";
				INFOPLIST_KEY_UISupportedInterfaceOrientations_iPhone = "UIInterfaceOrientationPortrait UIInterfaceOrientationLandscapeLeft UIInterfaceOrientationLandscapeRight";
				LD_RUNPATH_SEARCH_PATHS = (
					"$(inherited)",
					"@executable_path/Frameworks",
				);
				MARKETING_VERSION = 1.0;
				PRODUCT_BUNDLE_IDENTIFIER = generic.Landmarks;
				PRODUCT_NAME = "$(TARGET_NAME)";
				SWIFT_EMIT_LOC_STRINGS = YES;
				SWIFT_VERSION = 5.0;
				TARGETED_DEVICE_FAMILY = "1,2";
			};
			name = Release;
		};
/* End XCBuildConfiguration section */

/* Begin XCConfigurationList section */
		31FE7D4728D4281700AB382B /* Build configuration list for PBXProject "Landmarks" */ = {
			isa = XCConfigurationList;
			buildConfigurations = (
				31FE7D5828D4281A00AB382B /* Debug */,
				31FE7D5928D4281A00AB382B /* Release */,
			);
			defaultConfigurationIsVisible = 0;
			defaultConfigurationName = Release;
		};
		31FE7D5A28D4281A00AB382B /* Build configuration list for PBXNativeTarget "Landmarks" */ = {
			isa = XCConfigurationList;
			buildConfigurations = (
				31FE7D5B28D4281A00AB382B /* Debug */,
				31FE7D5C28D4281A00AB382B /* Release */,
			);
			defaultConfigurationIsVisible = 0;
			defaultConfigurationName = Release;
		};
/* End XCConfigurationList section */
	};
	rootObject = 31FE7D4428D4281700AB382B /* Project object */;
}
