// !$*UTF8*$!
{
	archiveVersion = 1;
	classes = {
	};
	objectVersion = 56;
	objects = {

/* Begin PBXBuildFile section */
		3A366841291CCDF400BA7C65 /* BookReaderApp.swift in Sources */ = {isa = PBXBuildFile; fileRef = 3A366840291CCDF400BA7C65 /* BookReaderApp.swift */; };
		3A366845291CCDF500BA7C65 /* Assets.xcassets in Resources */ = {isa = PBXBuildFile; fileRef = 3A366844291CCDF500BA7C65 /* Assets.xcassets */; };
		3A366848291CCDF500BA7C65 /* Preview Assets.xcassets in Resources */ = {isa = PBXBuildFile; fileRef = 3A366847291CCDF500BA7C65 /* Preview Assets.xcassets */; };
		3A366852291CCDF500BA7C65 /* BookReaderTests.swift in Sources */ = {isa = PBXBuildFile; fileRef = 3A366851291CCDF500BA7C65 /* BookReaderTests.swift */; };
		3A36685C291CCDF500BA7C65 /* BookReaderUITests.swift in Sources */ = {isa = PBXBuildFile; fileRef = 3A36685B291CCDF500BA7C65 /* BookReaderUITests.swift */; };
		3A36685E291CCDF500BA7C65 /* BookReaderUITestsLaunchTests.swift in Sources */ = {isa = PBXBuildFile; fileRef = 3A36685D291CCDF500BA7C65 /* BookReaderUITestsLaunchTests.swift */; };
		3A36686B291CCE4000BA7C65 /* LibraryView.swift in Sources */ = {isa = PBXBuildFile; fileRef = 3A36686A291CCE4000BA7C65 /* LibraryView.swift */; };
		3A36686D291CCF4F00BA7C65 /* Library.swift in Sources */ = {isa = PBXBuildFile; fileRef = 3A36686C291CCF4F00BA7C65 /* Library.swift */; };
		3A36686F291CD09400BA7C65 /* Book.swift in Sources */ = {isa = PBXBuildFile; fileRef = 3A36686E291CD09400BA7C65 /* Book.swift */; };
/* End PBXBuildFile section */

/* Begin PBXContainerItemProxy section */
		3A36684E291CCDF500BA7C65 /* PBXContainerItemProxy */ = {
			isa = PBXContainerItemProxy;
			containerPortal = 3A366835291CCDF400BA7C65 /* Project object */;
			proxyType = 1;
			remoteGlobalIDString = 3A36683C291CCDF400BA7C65;
			remoteInfo = BookReader;
		};
		3A366858291CCDF500BA7C65 /* PBXContainerItemProxy */ = {
			isa = PBXContainerItemProxy;
			containerPortal = 3A366835291CCDF400BA7C65 /* Project object */;
			proxyType = 1;
			remoteGlobalIDString = 3A36683C291CCDF400BA7C65;
			remoteInfo = BookReader;
		};
/* End PBXContainerItemProxy section */

/* Begin PBXFileReference section */
		3A36683D291CCDF400BA7C65 /* BookReader.app */ = {isa = PBXFileReference; explicitFileType = wrapper.application; includeInIndex = 0; path = BookReader.app; sourceTree = BUILT_PRODUCTS_DIR; };
		3A366840291CCDF400BA7C65 /* BookReaderApp.swift */ = {isa = PBXFileReference; lastKnownFileType = sourcecode.swift; path = BookReaderApp.swift; sourceTree = "<group>"; };
		3A366844291CCDF500BA7C65 /* Assets.xcassets */ = {isa = PBXFileReference; lastKnownFileType = folder.assetcatalog; path = Assets.xcassets; sourceTree = "<group>"; };
		3A366847291CCDF500BA7C65 /* Preview Assets.xcassets */ = {isa = PBXFileReference; lastKnownFileType = folder.assetcatalog; path = "Preview Assets.xcassets"; sourceTree = "<group>"; };
		3A36684D291CCDF500BA7C65 /* BookReaderTests.xctest */ = {isa = PBXFileReference; explicitFileType = wrapper.cfbundle; includeInIndex = 0; path = BookReaderTests.xctest; sourceTree = BUILT_PRODUCTS_DIR; };
		3A366851291CCDF500BA7C65 /* BookReaderTests.swift */ = {isa = PBXFileReference; lastKnownFileType = sourcecode.swift; path = BookReaderTests.swift; sourceTree = "<group>"; };
		3A366857291CCDF500BA7C65 /* BookReaderUITests.xctest */ = {isa = PBXFileReference; explicitFileType = wrapper.cfbundle; includeInIndex = 0; path = BookReaderUITests.xctest; sourceTree = BUILT_PRODUCTS_DIR; };
		3A36685B291CCDF500BA7C65 /* BookReaderUITests.swift */ = {isa = PBXFileReference; lastKnownFileType = sourcecode.swift; path = BookReaderUITests.swift; sourceTree = "<group>"; };
		3A36685D291CCDF500BA7C65 /* BookReaderUITestsLaunchTests.swift */ = {isa = PBXFileReference; lastKnownFileType = sourcecode.swift; path = BookReaderUITestsLaunchTests.swift; sourceTree = "<group>"; };
		3A36686A291CCE4000BA7C65 /* LibraryView.swift */ = {isa = PBXFileReference; lastKnownFileType = sourcecode.swift; path = LibraryView.swift; sourceTree = "<group>"; };
		3A36686C291CCF4F00BA7C65 /* Library.swift */ = {isa = PBXFileReference; lastKnownFileType = sourcecode.swift; path = Library.swift; sourceTree = "<group>"; };
		3A36686E291CD09400BA7C65 /* Book.swift */ = {isa = PBXFileReference; lastKnownFileType = sourcecode.swift; path = Book.swift; sourceTree = "<group>"; };
/* End PBXFileReference section */

/* Begin PBXFrameworksBuildPhase section */
		3A36683A291CCDF400BA7C65 /* Frameworks */ = {
			isa = PBXFrameworksBuildPhase;
			buildActionMask = 2147483647;
			files = (
			);
			runOnlyForDeploymentPostprocessing = 0;
		};
		3A36684A291CCDF500BA7C65 /* Frameworks */ = {
			isa = PBXFrameworksBuildPhase;
			buildActionMask = 2147483647;
			files = (
			);
			runOnlyForDeploymentPostprocessing = 0;
		};
		3A366854291CCDF500BA7C65 /* Frameworks */ = {
			isa = PBXFrameworksBuildPhase;
			buildActionMask = 2147483647;
			files = (
			);
			runOnlyForDeploymentPostprocessing = 0;
		};
/* End PBXFrameworksBuildPhase section */

/* Begin PBXGroup section */
		3A366834291CCDF400BA7C65 = {
			isa = PBXGroup;
			children = (
				3A36683F291CCDF400BA7C65 /* BookReader */,
				3A366850291CCDF500BA7C65 /* BookReaderTests */,
				3A36685A291CCDF500BA7C65 /* BookReaderUITests */,
				3A36683E291CCDF400BA7C65 /* Products */,
			);
			sourceTree = "<group>";
		};
		3A36683E291CCDF400BA7C65 /* Products */ = {
			isa = PBXGroup;
			children = (
				3A36683D291CCDF400BA7C65 /* BookReader.app */,
				3A36684D291CCDF500BA7C65 /* BookReaderTests.xctest */,
				3A366857291CCDF500BA7C65 /* BookReaderUITests.xctest */,
			);
			name = Products;
			sourceTree = "<group>";
		};
		3A36683F291CCDF400BA7C65 /* BookReader */ = {
			isa = PBXGroup;
			children = (
				3A366840291CCDF400BA7C65 /* BookReaderApp.swift */,
				3A36686A291CCE4000BA7C65 /* LibraryView.swift */,
				3A36686C291CCF4F00BA7C65 /* Library.swift */,
				3A36686E291CD09400BA7C65 /* Book.swift */,
				3A366844291CCDF500BA7C65 /* Assets.xcassets */,
				3A366846291CCDF500BA7C65 /* Preview Content */,
			);
			path = BookReader;
			sourceTree = "<group>";
		};
		3A366846291CCDF500BA7C65 /* Preview Content */ = {
			isa = PBXGroup;
			children = (
				3A366847291CCDF500BA7C65 /* Preview Assets.xcassets */,
			);
			path = "Preview Content";
			sourceTree = "<group>";
		};
		3A366850291CCDF500BA7C65 /* BookReaderTests */ = {
			isa = PBXGroup;
			children = (
				3A366851291CCDF500BA7C65 /* BookReaderTests.swift */,
			);
			path = BookReaderTests;
			sourceTree = "<group>";
		};
		3A36685A291CCDF500BA7C65 /* BookReaderUITests */ = {
			isa = PBXGroup;
			children = (
				3A36685B291CCDF500BA7C65 /* BookReaderUITests.swift */,
				3A36685D291CCDF500BA7C65 /* BookReaderUITestsLaunchTests.swift */,
			);
			path = BookReaderUITests;
			sourceTree = "<group>";
		};
/* End PBXGroup section */

/* Begin PBXNativeTarget section */
		3A36683C291CCDF400BA7C65 /* BookReader */ = {
			isa = PBXNativeTarget;
			buildConfigurationList = 3A366861291CCDF500BA7C65 /* Build configuration list for PBXNativeTarget "BookReader" */;
			buildPhases = (
				3A366839291CCDF400BA7C65 /* Sources */,
				3A36683A291CCDF400BA7C65 /* Frameworks */,
				3A36683B291CCDF400BA7C65 /* Resources */,
			);
			buildRules = (
			);
			dependencies = (
			);
			name = BookReader;
			productName = BookReader;
			productReference = 3A36683D291CCDF400BA7C65 /* BookReader.app */;
			productType = "com.apple.product-type.application";
		};
		3A36684C291CCDF500BA7C65 /* BookReaderTests */ = {
			isa = PBXNativeTarget;
			buildConfigurationList = 3A366864291CCDF500BA7C65 /* Build configuration list for PBXNativeTarget "BookReaderTests" */;
			buildPhases = (
				3A366849291CCDF500BA7C65 /* Sources */,
				3A36684A291CCDF500BA7C65 /* Frameworks */,
				3A36684B291CCDF500BA7C65 /* Resources */,
			);
			buildRules = (
			);
			dependencies = (
				3A36684F291CCDF500BA7C65 /* PBXTargetDependency */,
			);
			name = BookReaderTests;
			productName = BookReaderTests;
			productReference = 3A36684D291CCDF500BA7C65 /* BookReaderTests.xctest */;
			productType = "com.apple.product-type.bundle.unit-test";
		};
		3A366856291CCDF500BA7C65 /* BookReaderUITests */ = {
			isa = PBXNativeTarget;
			buildConfigurationList = 3A366867291CCDF500BA7C65 /* Build configuration list for PBXNativeTarget "BookReaderUITests" */;
			buildPhases = (
				3A366853291CCDF500BA7C65 /* Sources */,
				3A366854291CCDF500BA7C65 /* Frameworks */,
				3A366855291CCDF500BA7C65 /* Resources */,
			);
			buildRules = (
			);
			dependencies = (
				3A366859291CCDF500BA7C65 /* PBXTargetDependency */,
			);
			name = BookReaderUITests;
			productName = BookReaderUITests;
			productReference = 3A366857291CCDF500BA7C65 /* BookReaderUITests.xctest */;
			productType = "com.apple.product-type.bundle.ui-testing";
		};
/* End PBXNativeTarget section */

/* Begin PBXProject section */
		3A366835291CCDF400BA7C65 /* Project object */ = {
			isa = PBXProject;
			attributes = {
				BuildIndependentTargetsInParallel = 1;
				LastSwiftUpdateCheck = 1410;
				LastUpgradeCheck = 1410;
				TargetAttributes = {
					3A36683C291CCDF400BA7C65 = {
						CreatedOnToolsVersion = 14.1;
					};
					3A36684C291CCDF500BA7C65 = {
						CreatedOnToolsVersion = 14.1;
						TestTargetID = 3A36683C291CCDF400BA7C65;
					};
					3A366856291CCDF500BA7C65 = {
						CreatedOnToolsVersion = 14.1;
						TestTargetID = 3A36683C291CCDF400BA7C65;
					};
				};
			};
			buildConfigurationList = 3A366838291CCDF400BA7C65 /* Build configuration list for PBXProject "BookReader" */;
			compatibilityVersion = "Xcode 14.0";
			developmentRegion = en;
			hasScannedForEncodings = 0;
			knownRegions = (
				en,
				Base,
			);
			mainGroup = 3A366834291CCDF400BA7C65;
			productRefGroup = 3A36683E291CCDF400BA7C65 /* Products */;
			projectDirPath = "";
			projectRoot = "";
			targets = (
				3A36683C291CCDF400BA7C65 /* BookReader */,
				3A36684C291CCDF500BA7C65 /* BookReaderTests */,
				3A366856291CCDF500BA7C65 /* BookReaderUITests */,
			);
		};
/* End PBXProject section */

/* Begin PBXResourcesBuildPhase section */
		3A36683B291CCDF400BA7C65 /* Resources */ = {
			isa = PBXResourcesBuildPhase;
			buildActionMask = 2147483647;
			files = (
				3A366848291CCDF500BA7C65 /* Preview Assets.xcassets in Resources */,
				3A366845291CCDF500BA7C65 /* Assets.xcassets in Resources */,
			);
			runOnlyForDeploymentPostprocessing = 0;
		};
		3A36684B291CCDF500BA7C65 /* Resources */ = {
			isa = PBXResourcesBuildPhase;
			buildActionMask = 2147483647;
			files = (
			);
			runOnlyForDeploymentPostprocessing = 0;
		};
		3A366855291CCDF500BA7C65 /* Resources */ = {
			isa = PBXResourcesBuildPhase;
			buildActionMask = 2147483647;
			files = (
			);
			runOnlyForDeploymentPostprocessing = 0;
		};
/* End PBXResourcesBuildPhase section */

/* Begin PBXSourcesBuildPhase section */
		3A366839291CCDF400BA7C65 /* Sources */ = {
			isa = PBXSourcesBuildPhase;
			buildActionMask = 2147483647;
			files = (
				3A36686F291CD09400BA7C65 /* Book.swift in Sources */,
				3A36686B291CCE4000BA7C65 /* LibraryView.swift in Sources */,
				3A366841291CCDF400BA7C65 /* BookReaderApp.swift in Sources */,
				3A36686D291CCF4F00BA7C65 /* Library.swift in Sources */,
			);
			runOnlyForDeploymentPostprocessing = 0;
		};
		3A366849291CCDF500BA7C65 /* Sources */ = {
			isa = PBXSourcesBuildPhase;
			buildActionMask = 2147483647;
			files = (
				3A366852291CCDF500BA7C65 /* BookReaderTests.swift in Sources */,
			);
			runOnlyForDeploymentPostprocessing = 0;
		};
		3A366853291CCDF500BA7C65 /* Sources */ = {
			isa = PBXSourcesBuildPhase;
			buildActionMask = 2147483647;
			files = (
				3A36685E291CCDF500BA7C65 /* BookReaderUITestsLaunchTests.swift in Sources */,
				3A36685C291CCDF500BA7C65 /* BookReaderUITests.swift in Sources */,
			);
			runOnlyForDeploymentPostprocessing = 0;
		};
/* End PBXSourcesBuildPhase section */

/* Begin PBXTargetDependency section */
		3A36684F291CCDF500BA7C65 /* PBXTargetDependency */ = {
			isa = PBXTargetDependency;
			target = 3A36683C291CCDF400BA7C65 /* BookReader */;
			targetProxy = 3A36684E291CCDF500BA7C65 /* PBXContainerItemProxy */;
		};
		3A366859291CCDF500BA7C65 /* PBXTargetDependency */ = {
			isa = PBXTargetDependency;
			target = 3A36683C291CCDF400BA7C65 /* BookReader */;
			targetProxy = 3A366858291CCDF500BA7C65 /* PBXContainerItemProxy */;
		};
/* End PBXTargetDependency section */

/* Begin XCBuildConfiguration section */
		3A36685F291CCDF500BA7C65 /* Debug */ = {
			isa = XCBuildConfiguration;
			buildSettings = {
				ALWAYS_SEARCH_USER_PATHS = NO;
				CLANG_ANALYZER_NONNULL = YES;
				CLANG_ANALYZER_NUMBER_OBJECT_CONVERSION = YES_AGGRESSIVE;
				CLANG_CXX_LANGUAGE_STANDARD = "gnu++20";
				CLANG_ENABLE_MODULES = YES;
				CLANG_ENABLE_OBJC_ARC = YES;
				CLANG_ENABLE_OBJC_WEAK = YES;
				CLANG_WARN_BLOCK_CAPTURE_AUTORELEASING = YES;
				CLANG_WARN_BOOL_CONVERSION = YES;
				CLANG_WARN_COMMA = YES;
				CLANG_WARN_CONSTANT_CONVERSION = YES;
				CLANG_WARN_DEPRECATED_OBJC_IMPLEMENTATIONS = YES;
				CLANG_WARN_DIRECT_OBJC_ISA_USAGE = YES_ERROR;
				CLANG_WARN_DOCUMENTATION_COMMENTS = YES;
				CLANG_WARN_EMPTY_BODY = YES;
				CLANG_WARN_ENUM_CONVERSION = YES;
				CLANG_WARN_INFINITE_RECURSION = YES;
				CLANG_WARN_INT_CONVERSION = YES;
				CLANG_WARN_NON_LITERAL_NULL_CONVERSION = YES;
				CLANG_WARN_OBJC_IMPLICIT_RETAIN_SELF = YES;
				CLANG_WARN_OBJC_LITERAL_CONVERSION = YES;
				CLANG_WARN_OBJC_ROOT_CLASS = YES_ERROR;
				CLANG_WARN_QUOTED_INCLUDE_IN_FRAMEWORK_HEADER = YES;
				CLANG_WARN_RANGE_LOOP_ANALYSIS = YES;
				CLANG_WARN_STRICT_PROTOTYPES = YES;
				CLANG_WARN_SUSPICIOUS_MOVE = YES;
				CLANG_WARN_UNGUARDED_AVAILABILITY = YES_AGGRESSIVE;
				CLANG_WARN_UNREACHABLE_CODE = YES;
				CLANG_WARN__DUPLICATE_METHOD_MATCH = YES;
				COPY_PHASE_STRIP = NO;
				DEBUG_INFORMATION_FORMAT = dwarf;
				ENABLE_STRICT_OBJC_MSGSEND = YES;
				ENABLE_TESTABILITY = YES;
				GCC_C_LANGUAGE_STANDARD = gnu11;
				GCC_DYNAMIC_NO_PIC = NO;
				GCC_NO_COMMON_BLOCKS = YES;
				GCC_OPTIMIZATION_LEVEL = 0;
				GCC_PREPROCESSOR_DEFINITIONS = (
					"DEBUG=1",
					"$(inherited)",
				);
				GCC_WARN_64_TO_32_BIT_CONVERSION = YES;
				GCC_WARN_ABOUT_RETURN_TYPE = YES_ERROR;
				GCC_WARN_UNDECLARED_SELECTOR = YES;
				GCC_WARN_UNINITIALIZED_AUTOS = YES_AGGRESSIVE;
				GCC_WARN_UNUSED_FUNCTION = YES;
				GCC_WARN_UNUSED_VARIABLE = YES;
				IPHONEOS_DEPLOYMENT_TARGET = 16.1;
				MTL_ENABLE_DEBUG_INFO = INCLUDE_SOURCE;
				MTL_FAST_MATH = YES;
				ONLY_ACTIVE_ARCH = YES;
				SDKROOT = iphoneos;
				SWIFT_ACTIVE_COMPILATION_CONDITIONS = DEBUG;
				SWIFT_OPTIMIZATION_LEVEL = "-Onone";
			};
			name = Debug;
		};
		3A366860291CCDF500BA7C65 /* Release */ = {
			isa = XCBuildConfiguration;
			buildSettings = {
				ALWAYS_SEARCH_USER_PATHS = NO;
				CLANG_ANALYZER_NONNULL = YES;
				CLANG_ANALYZER_NUMBER_OBJECT_CONVERSION = YES_AGGRESSIVE;
				CLANG_CXX_LANGUAGE_STANDARD = "gnu++20";
				CLANG_ENABLE_MODULES = YES;
				CLANG_ENABLE_OBJC_ARC = YES;
				CLANG_ENABLE_OBJC_WEAK = YES;
				CLANG_WARN_BLOCK_CAPTURE_AUTORELEASING = YES;
				CLANG_WARN_BOOL_CONVERSION = YES;
				CLANG_WARN_COMMA = YES;
				CLANG_WARN_CONSTANT_CONVERSION = YES;
				CLANG_WARN_DEPRECATED_OBJC_IMPLEMENTATIONS = YES;
				CLANG_WARN_DIRECT_OBJC_ISA_USAGE = YES_ERROR;
				CLANG_WARN_DOCUMENTATION_COMMENTS = YES;
				CLANG_WARN_EMPTY_BODY = YES;
				CLANG_WARN_ENUM_CONVERSION = YES;
				CLANG_WARN_INFINITE_RECURSION = YES;
				CLANG_WARN_INT_CONVERSION = YES;
				CLANG_WARN_NON_LITERAL_NULL_CONVERSION = YES;
				CLANG_WARN_OBJC_IMPLICIT_RETAIN_SELF = YES;
				CLANG_WARN_OBJC_LITERAL_CONVERSION = YES;
				CLANG_WARN_OBJC_ROOT_CLASS = YES_ERROR;
				CLANG_WARN_QUOTED_INCLUDE_IN_FRAMEWORK_HEADER = YES;
				CLANG_WARN_RANGE_LOOP_ANALYSIS = YES;
				CLANG_WARN_STRICT_PROTOTYPES = YES;
				CLANG_WARN_SUSPICIOUS_MOVE = YES;
				CLANG_WARN_UNGUARDED_AVAILABILITY = YES_AGGRESSIVE;
				CLANG_WARN_UNREACHABLE_CODE = YES;
				CLANG_WARN__DUPLICATE_METHOD_MATCH = YES;
				COPY_PHASE_STRIP = NO;
				DEBUG_INFORMATION_FORMAT = "dwarf-with-dsym";
				ENABLE_NS_ASSERTIONS = NO;
				ENABLE_STRICT_OBJC_MSGSEND = YES;
				GCC_C_LANGUAGE_STANDARD = gnu11;
				GCC_NO_COMMON_BLOCKS = YES;
				GCC_WARN_64_TO_32_BIT_CONVERSION = YES;
				GCC_WARN_ABOUT_RETURN_TYPE = YES_ERROR;
				GCC_WARN_UNDECLARED_SELECTOR = YES;
				GCC_WARN_UNINITIALIZED_AUTOS = YES_AGGRESSIVE;
				GCC_WARN_UNUSED_FUNCTION = YES;
				GCC_WARN_UNUSED_VARIABLE = YES;
				IPHONEOS_DEPLOYMENT_TARGET = 16.1;
				MTL_ENABLE_DEBUG_INFO = NO;
				MTL_FAST_MATH = YES;
				SDKROOT = iphoneos;
				SWIFT_COMPILATION_MODE = wholemodule;
				SWIFT_OPTIMIZATION_LEVEL = "-O";
				VALIDATE_PRODUCT = YES;
			};
			name = Release;
		};
		3A366862291CCDF500BA7C65 /* Debug */ = {
			isa = XCBuildConfiguration;
			buildSettings = {
				ASSETCATALOG_COMPILER_APPICON_NAME = AppIcon;
				ASSETCATALOG_COMPILER_GLOBAL_ACCENT_COLOR_NAME = AccentColor;
				CODE_SIGN_STYLE = Automatic;
				CURRENT_PROJECT_VERSION = 1;
				DEVELOPMENT_ASSET_PATHS = "\"BookReader/Preview Content\"";
				ENABLE_PREVIEWS = YES;
				GENERATE_INFOPLIST_FILE = YES;
				INFOPLIST_KEY_UIApplicationSceneManifest_Generation = YES;
				INFOPLIST_KEY_UIApplicationSupportsIndirectInputEvents = YES;
				INFOPLIST_KEY_UILaunchScreen_Generation = YES;
				INFOPLIST_KEY_UISupportedInterfaceOrientations_iPad = "UIInterfaceOrientationPortrait UIInterfaceOrientationPortraitUpsideDown UIInterfaceOrientationLandscapeLeft UIInterfaceOrientationLandscapeRight";
				INFOPLIST_KEY_UISupportedInterfaceOrientations_iPhone = "UIInterfaceOrientationPortrait UIInterfaceOrientationLandscapeLeft UIInterfaceOrientationLandscapeRight";
				LD_RUNPATH_SEARCH_PATHS = (
					"$(inherited)",
					"@executable_path/Frameworks",
				);
				MARKETING_VERSION = 1.0;
				PRODUCT_BUNDLE_IDENTIFIER = ming.BookReader;
				PRODUCT_NAME = "$(TARGET_NAME)";
				SWIFT_EMIT_LOC_STRINGS = YES;
				SWIFT_VERSION = 5.0;
				TARGETED_DEVICE_FAMILY = "1,2";
			};
			name = Debug;
		};
		3A366863291CCDF500BA7C65 /* Release */ = {
			isa = XCBuildConfiguration;
			buildSettings = {
				ASSETCATALOG_COMPILER_APPICON_NAME = AppIcon;
				ASSETCATALOG_COMPILER_GLOBAL_ACCENT_COLOR_NAME = AccentColor;
				CODE_SIGN_STYLE = Automatic;
				CURRENT_PROJECT_VERSION = 1;
				DEVELOPMENT_ASSET_PATHS = "\"BookReader/Preview Content\"";
				ENABLE_PREVIEWS = YES;
				GENERATE_INFOPLIST_FILE = YES;
				INFOPLIST_KEY_UIApplicationSceneManifest_Generation = YES;
				INFOPLIST_KEY_UIApplicationSupportsIndirectInputEvents = YES;
				INFOPLIST_KEY_UILaunchScreen_Generation = YES;
				INFOPLIST_KEY_UISupportedInterfaceOrientations_iPad = "UIInterfaceOrientationPortrait UIInterfaceOrientationPortraitUpsideDown UIInterfaceOrientationLandscapeLeft UIInterfaceOrientationLandscapeRight";
				INFOPLIST_KEY_UISupportedInterfaceOrientations_iPhone = "UIInterfaceOrientationPortrait UIInterfaceOrientationLandscapeLeft UIInterfaceOrientationLandscapeRight";
				LD_RUNPATH_SEARCH_PATHS = (
					"$(inherited)",
					"@executable_path/Frameworks",
				);
				MARKETING_VERSION = 1.0;
				PRODUCT_BUNDLE_IDENTIFIER = ming.BookReader;
				PRODUCT_NAME = "$(TARGET_NAME)";
				SWIFT_EMIT_LOC_STRINGS = YES;
				SWIFT_VERSION = 5.0;
				TARGETED_DEVICE_FAMILY = "1,2";
			};
			name = Release;
		};
		3A366865291CCDF500BA7C65 /* Debug */ = {
			isa = XCBuildConfiguration;
			buildSettings = {
				ALWAYS_EMBED_SWIFT_STANDARD_LIBRARIES = YES;
				BUNDLE_LOADER = "$(TEST_HOST)";
				CODE_SIGN_STYLE = Automatic;
				CURRENT_PROJECT_VERSION = 1;
				GENERATE_INFOPLIST_FILE = YES;
				IPHONEOS_DEPLOYMENT_TARGET = 16.1;
				MARKETING_VERSION = 1.0;
				PRODUCT_BUNDLE_IDENTIFIER = ming.BookReaderTests;
				PRODUCT_NAME = "$(TARGET_NAME)";
				SWIFT_EMIT_LOC_STRINGS = NO;
				SWIFT_VERSION = 5.0;
				TARGETED_DEVICE_FAMILY = "1,2";
				TEST_HOST = "$(BUILT_PRODUCTS_DIR)/BookReader.app/$(BUNDLE_EXECUTABLE_FOLDER_PATH)/BookReader";
			};
			name = Debug;
		};
		3A366866291CCDF500BA7C65 /* Release */ = {
			isa = XCBuildConfiguration;
			buildSettings = {
				ALWAYS_EMBED_SWIFT_STANDARD_LIBRARIES = YES;
				BUNDLE_LOADER = "$(TEST_HOST)";
				CODE_SIGN_STYLE = Automatic;
				CURRENT_PROJECT_VERSION = 1;
				GENERATE_INFOPLIST_FILE = YES;
				IPHONEOS_DEPLOYMENT_TARGET = 16.1;
				MARKETING_VERSION = 1.0;
				PRODUCT_BUNDLE_IDENTIFIER = ming.BookReaderTests;
				PRODUCT_NAME = "$(TARGET_NAME)";
				SWIFT_EMIT_LOC_STRINGS = NO;
				SWIFT_VERSION = 5.0;
				TARGETED_DEVICE_FAMILY = "1,2";
				TEST_HOST = "$(BUILT_PRODUCTS_DIR)/BookReader.app/$(BUNDLE_EXECUTABLE_FOLDER_PATH)/BookReader";
			};
			name = Release;
		};
		3A366868291CCDF500BA7C65 /* Debug */ = {
			isa = XCBuildConfiguration;
			buildSettings = {
				ALWAYS_EMBED_SWIFT_STANDARD_LIBRARIES = YES;
				CODE_SIGN_STYLE = Automatic;
				CURRENT_PROJECT_VERSION = 1;
				GENERATE_INFOPLIST_FILE = YES;
				MARKETING_VERSION = 1.0;
				PRODUCT_BUNDLE_IDENTIFIER = ming.BookReaderUITests;
				PRODUCT_NAME = "$(TARGET_NAME)";
				SWIFT_EMIT_LOC_STRINGS = NO;
				SWIFT_VERSION = 5.0;
				TARGETED_DEVICE_FAMILY = "1,2";
				TEST_TARGET_NAME = BookReader;
			};
			name = Debug;
		};
		3A366869291CCDF500BA7C65 /* Release */ = {
			isa = XCBuildConfiguration;
			buildSettings = {
				ALWAYS_EMBED_SWIFT_STANDARD_LIBRARIES = YES;
				CODE_SIGN_STYLE = Automatic;
				CURRENT_PROJECT_VERSION = 1;
				GENERATE_INFOPLIST_FILE = YES;
				MARKETING_VERSION = 1.0;
				PRODUCT_BUNDLE_IDENTIFIER = ming.BookReaderUITests;
				PRODUCT_NAME = "$(TARGET_NAME)";
				SWIFT_EMIT_LOC_STRINGS = NO;
				SWIFT_VERSION = 5.0;
				TARGETED_DEVICE_FAMILY = "1,2";
				TEST_TARGET_NAME = BookReader;
			};
			name = Release;
		};
/* End XCBuildConfiguration section */

/* Begin XCConfigurationList section */
		3A366838291CCDF400BA7C65 /* Build configuration list for PBXProject "BookReader" */ = {
			isa = XCConfigurationList;
			buildConfigurations = (
				3A36685F291CCDF500BA7C65 /* Debug */,
				3A366860291CCDF500BA7C65 /* Release */,
			);
			defaultConfigurationIsVisible = 0;
			defaultConfigurationName = Release;
		};
		3A366861291CCDF500BA7C65 /* Build configuration list for PBXNativeTarget "BookReader" */ = {
			isa = XCConfigurationList;
			buildConfigurations = (
				3A366862291CCDF500BA7C65 /* Debug */,
				3A366863291CCDF500BA7C65 /* Release */,
			);
			defaultConfigurationIsVisible = 0;
			defaultConfigurationName = Release;
		};
		3A366864291CCDF500BA7C65 /* Build configuration list for PBXNativeTarget "BookReaderTests" */ = {
			isa = XCConfigurationList;
			buildConfigurations = (
				3A366865291CCDF500BA7C65 /* Debug */,
				3A366866291CCDF500BA7C65 /* Release */,
			);
			defaultConfigurationIsVisible = 0;
			defaultConfigurationName = Release;
		};
		3A366867291CCDF500BA7C65 /* Build configuration list for PBXNativeTarget "BookReaderUITests" */ = {
			isa = XCConfigurationList;
			buildConfigurations = (
				3A366868291CCDF500BA7C65 /* Debug */,
				3A366869291CCDF500BA7C65 /* Release */,
			);
			defaultConfigurationIsVisible = 0;
			defaultConfigurationName = Release;
		};
/* End XCConfigurationList section */
	};
	rootObject = 3A366835291CCDF400BA7C65 /* Project object */;
}
